{
  "name": "js",
  "lockfileVersion": 3,
  "requires": true,
  "packages": {
    "": {
      "dependencies": {
        "@markup-carve/carve": "file:../../../carve-js"
      }
    },
    "../../../carve-js": {
      "name": "@markup-carve/carve",
      "version": "0.1.0",
      "license": "MIT",
      "bin": {
        "carve": "dist/cli.js"
      },
      "devDependencies": {
        "@types/node": "^22.19.20",
        "typescript": "^5.7.2",
        "vitest": "^2.1.8"
      }
    },
    "node_modules/@markup-carve/carve": {
      "resolved": "../../../carve-js",
      "link": true
    }
  }
}
