{
  "name": "js",
  "lockfileVersion": 3,
  "requires": true,
  "packages": {
    "": {
      "dependencies": {
        "@djot/djot": "0.3.2",
        "@markup-carve/carve": "0.1.4",
        "markdown-it": "15.0.0"
      }
    },
    "node_modules/@djot/djot": {
      "version": "0.3.2",
      "license": "MIT",
      "bin": {
        "djot": "lib/cli.js"
      },
      "engines": {
        "node": ">=17.0.0"
      }
    },
    "node_modules/@markup-carve/carve": {
      "version": "0.1.4",
      "resolved": "https://registry.npmjs.org/@markup-carve/carve/-/carve-0.1.4.tgz",
      "integrity": "sha512-y8P3OZWvuDbo/n+MqWeEvklo+WOukJVjkUetZ7V153TS6snkvUm/NOuSjQRG2rSaiswS5fGhZ8hRra24MwfLQg==",
      "license": "MIT",
      "dependencies": {
        "parse5": "^7.3.0"
      },
      "bin": {
        "carve": "dist/cli.js"
      },
      "engines": {
        "node": ">=20"
      },
      "peerDependencies": {
        "@djot/djot": "^0.3.2"
      },
      "peerDependenciesMeta": {
        "@djot/djot": {
          "optional": true
        }
      }
    },
    "node_modules/argparse": {
      "version": "3.0.0",
      "funding": [
        {
          "type": "github",
          "url": "https://github.com/sponsors/puzrin"
        },
        {
          "type": "github",
          "url": "https://github.com/sponsors/nodeca"
        }
      ],
      "license": "Python-2.0"
    },
    "node_modules/entities": {
      "version": "8.0.0",
      "license": "BSD-2-Clause",
      "engines": {
        "node": ">=20.19.0"
      },
      "funding": {
        "url": "https://github.com/fb55/entities?sponsor=1"
      }
    },
    "node_modules/linkify-it": {
      "version": "6.1.0",
      "funding": [
        {
          "type": "github",
          "url": "https://github.com/sponsors/puzrin"
        },
        {
          "type": "github",
          "url": "https://github.com/sponsors/markdown-it"
        }
      ],
      "license": "MIT",
      "dependencies": {
        "uc.micro": "^3.0.0"
      }
    },
    "node_modules/markdown-it": {
      "version": "15.0.0",
      "funding": [
        {
          "type": "github",
          "url": "https://github.com/sponsors/puzrin"
        },
        {
          "type": "github",
          "url": "https://github.com/sponsors/markdown-it"
        }
      ],
      "license": "MIT",
      "dependencies": {
        "argparse": "^3.0.0",
        "entities": "^8.0.0",
        "linkify-it": "^6.0.0",
        "mdurl": "^2.1.0",
        "punycode.js": "^2.3.1",
        "uc.micro": "^3.0.0"
      },
      "bin": {
        "markdown-it": "bin/markdown-it.mjs"
      }
    },
    "node_modules/mdurl": {
      "version": "2.1.0",
      "license": "MIT"
    },
    "node_modules/parse5": {
      "version": "7.3.0",
      "resolved": "https://registry.npmjs.org/parse5/-/parse5-7.3.0.tgz",
      "integrity": "sha512-IInvU7fabl34qmi9gY8XOVxhYyMyuH2xUNpb2q8/Y+7552KlejkRvqvD19nMoUW/uQGGbqNpA6Tufu5FL5BZgw==",
      "license": "MIT",
      "dependencies": {
        "entities": "^6.0.0"
      },
      "funding": {
        "url": "https://github.com/inikulin/parse5?sponsor=1"
      }
    },
    "node_modules/parse5/node_modules/entities": {
      "version": "6.0.1",
      "resolved": "https://registry.npmjs.org/entities/-/entities-6.0.1.tgz",
      "integrity": "sha512-aN97NXWF6AWBTahfVOIrB/NShkzi5H7F9r1s9mD3cDj4Ko5f2qhhVoYMibXF7GlLveb/D2ioWay8lxI97Ven3g==",
      "license": "BSD-2-Clause",
      "engines": {
        "node": ">=0.12"
      },
      "funding": {
        "url": "https://github.com/fb55/entities?sponsor=1"
      }
    },
    "node_modules/punycode.js": {
      "version": "2.3.1",
      "license": "MIT",
      "engines": {
        "node": ">=6"
      }
    },
    "node_modules/uc.micro": {
      "version": "3.0.0",
      "license": "MIT"
    }
  }
}
